
Microsoft Visual Studio Solution File, Format Version 12.00
# Visual Studio Version 17
VisualStudioVersion = 17.4.33213.308
MinimumVisualStudioVersion = 10.0.40219.1
Project("{FAE04EC0-301F-11D3-BF4B-00C04F79EFBC}") = "App1.Android", "App1\App1.Android\App1.Android.csproj", "{76E6DFB6-E547-414B-9FBF-7E1151167A53}"
EndProject
Project("{FAE04EC0-301F-11D3-BF4B-00C04F79EFBC}") = "App1", "App1\App1\App1.csproj", "{9BDDA8AE-1F20-4BF2-B216-49DFAB9C5FDF}"
EndProject
Global
	GlobalSection(SolutionConfigurationPlatforms) = preSolution
		Debug|Any CPU = Debug|Any CPU
		Release|Any CPU = Release|Any CPU
	EndGlobalSection
	GlobalSection(ProjectConfigurationPlatforms) = postSolution
		{76E6DFB6-E547-414B-9FBF-7E1151167A53}.Debug|Any CPU.ActiveCfg = Debug|Any CPU
		{76E6DFB6-E547-414B-9FBF-7E1151167A53}.Debug|Any CPU.Build.0 = Debug|Any CPU
		{76E6DFB6-E547-414B-9FBF-7E1151167A53}.Debug|Any CPU.Deploy.0 = Debug|Any CPU
		{76E6DFB6-E547-414B-9FBF-7E1151167A53}.Release|Any CPU.ActiveCfg = Release|Any CPU
		{76E6DFB6-E547-414B-9FBF-7E1151167A53}.Release|Any CPU.Build.0 = Release|Any CPU
		{76E6DFB6-E547-414B-9FBF-7E1151167A53}.Release|Any CPU.Deploy.0 = Release|Any CPU
		{9BDDA8AE-1F20-4BF2-B216-49DFAB9C5FDF}.Debug|Any CPU.ActiveCfg = Debug|Any CPU
		{9BDDA8AE-1F20-4BF2-B216-49DFAB9C5FDF}.Debug|Any CPU.Build.0 = Debug|Any CPU
		{9BDDA8AE-1F20-4BF2-B216-49DFAB9C5FDF}.Debug|Any CPU.Deploy.0 = Debug|Any CPU
		{9BDDA8AE-1F20-4BF2-B216-49DFAB9C5FDF}.Release|Any CPU.ActiveCfg = Release|Any CPU
		{9BDDA8AE-1F20-4BF2-B216-49DFAB9C5FDF}.Release|Any CPU.Build.0 = Release|Any CPU
		{9BDDA8AE-1F20-4BF2-B216-49DFAB9C5FDF}.Release|Any CPU.Deploy.0 = Release|Any CPU
	EndGlobalSection
	GlobalSection(SolutionProperties) = preSolution
		HideSolutionNode = FALSE
	EndGlobalSection
	GlobalSection(ExtensibilityGlobals) = postSolution
		SolutionGuid = {5EA57CDF-4ACD-46D0-8E6E-4D7FFC99F114}
	EndGlobalSection
EndGlobal
